
Microsoft Visual Studio Solution File, Format Version 12.00
Project("{FAE04EC0-301F-11D3-BF4B-00C04F79EFBC}") = "Catridges", "Catridges\Catridges.csproj", "{230D961D-4712-45C2-BFE6-E30365CD0619}"
EndProject
Project("{2150E333-8FDC-42A3-9474-1A3956D46DE8}") = "Domain", "Domain", "{8106080B-CAEA-449C-85EC-127A69026D83}"
EndProject
Project("{FAE04EC0-301F-11D3-BF4B-00C04F79EFBC}") = "Catridges.Domain", "Catridges.Domain\Catridges.Domain.csproj", "{BA743BD6-EF17-47B8-96C3-CCEB3B32494C}"
EndProject
Project("{2150E333-8FDC-42A3-9474-1A3956D46DE8}") = "DAL", "DAL", "{A8BCE3DD-8BEC-4E4C-8B38-570200090ECE}"
EndProject
Project("{FAE04EC0-301F-11D3-BF4B-00C04F79EFBC}") = "Catridges.DAL", "Catridges.DAL\Catridges.DAL.csproj", "{EFE3C6CE-0731-4B10-9A70-1AFFB1715D32}"
EndProject
Project("{2150E333-8FDC-42A3-9474-1A3956D46DE8}") = "Service", "Service", "{5B8A8D3C-1D21-48B7-9D99-7F6067F1BE14}"
EndProject
Project("{FAE04EC0-301F-11D3-BF4B-00C04F79EFBC}") = "Catridges.Service", "Catridges.Service\Catridges.Service.csproj", "{C530BBFC-3144-4142-957D-96B66ADA177F}"
EndProject
Global
	GlobalSection(SolutionConfigurationPlatforms) = preSolution
		Debug|Any CPU = Debug|Any CPU
		Release|Any CPU = Release|Any CPU
	EndGlobalSection
	GlobalSection(ProjectConfigurationPlatforms) = postSolution
		{230D961D-4712-45C2-BFE6-E30365CD0619}.Debug|Any CPU.ActiveCfg = Debug|Any CPU
		{230D961D-4712-45C2-BFE6-E30365CD0619}.Debug|Any CPU.Build.0 = Debug|Any CPU
		{230D961D-4712-45C2-BFE6-E30365CD0619}.Release|Any CPU.ActiveCfg = Release|Any CPU
		{230D961D-4712-45C2-BFE6-E30365CD0619}.Release|Any CPU.Build.0 = Release|Any CPU
		{BA743BD6-EF17-47B8-96C3-CCEB3B32494C}.Debug|Any CPU.ActiveCfg = Debug|Any CPU
		{BA743BD6-EF17-47B8-96C3-CCEB3B32494C}.Debug|Any CPU.Build.0 = Debug|Any CPU
		{BA743BD6-EF17-47B8-96C3-CCEB3B32494C}.Release|Any CPU.ActiveCfg = Release|Any CPU
		{BA743BD6-EF17-47B8-96C3-CCEB3B32494C}.Release|Any CPU.Build.0 = Release|Any CPU
		{EFE3C6CE-0731-4B10-9A70-1AFFB1715D32}.Debug|Any CPU.ActiveCfg = Debug|Any CPU
		{EFE3C6CE-0731-4B10-9A70-1AFFB1715D32}.Debug|Any CPU.Build.0 = Debug|Any CPU
		{EFE3C6CE-0731-4B10-9A70-1AFFB1715D32}.Release|Any CPU.ActiveCfg = Release|Any CPU
		{EFE3C6CE-0731-4B10-9A70-1AFFB1715D32}.Release|Any CPU.Build.0 = Release|Any CPU
		{C530BBFC-3144-4142-957D-96B66ADA177F}.Debug|Any CPU.ActiveCfg = Debug|Any CPU
		{C530BBFC-3144-4142-957D-96B66ADA177F}.Debug|Any CPU.Build.0 = Debug|Any CPU
		{C530BBFC-3144-4142-957D-96B66ADA177F}.Release|Any CPU.ActiveCfg = Release|Any CPU
		{C530BBFC-3144-4142-957D-96B66ADA177F}.Release|Any CPU.Build.0 = Release|Any CPU
	EndGlobalSection
	GlobalSection(NestedProjects) = preSolution
		{BA743BD6-EF17-47B8-96C3-CCEB3B32494C} = {8106080B-CAEA-449C-85EC-127A69026D83}
		{EFE3C6CE-0731-4B10-9A70-1AFFB1715D32} = {A8BCE3DD-8BEC-4E4C-8B38-570200090ECE}
		{C530BBFC-3144-4142-957D-96B66ADA177F} = {5B8A8D3C-1D21-48B7-9D99-7F6067F1BE14}
	EndGlobalSection
EndGlobal
